
Microsoft Visual Studio Solution File, Format Version 12.00
# Visual Studio 15
VisualStudioVersion = 15.0.26124.0
MinimumVisualStudioVersion = 15.0.26124.0
Project("{FAE04EC0-301F-11D3-BF4B-00C04F79EFBC}") = "PrimeService", "PrimeService\PrimeService.csproj", "{93FAF5E7-F034-4E51-8E21-6A5EE4C94923}"
EndProject
Project("{FAE04EC0-301F-11D3-BF4B-00C04F79EFBC}") = "PrimeService.Tests", "PrimeService.Tests\PrimeService.Tests.csproj", "{8CAB2F44-625E-4B9B-9607-34602629887A}"
EndProject
Global
	GlobalSection(SolutionConfigurationPlatforms) = preSolution
		Debug|Any CPU = Debug|Any CPU
		Debug|x64 = Debug|x64
		Debug|x86 = Debug|x86
		Release|Any CPU = Release|Any CPU
		Release|x64 = Release|x64
		Release|x86 = Release|x86
	EndGlobalSection
	GlobalSection(SolutionProperties) = preSolution
		HideSolutionNode = FALSE
	EndGlobalSection
	GlobalSection(ProjectConfigurationPlatforms) = postSolution
		{93FAF5E7-F034-4E51-8E21-6A5EE4C94923}.Debug|Any CPU.ActiveCfg = Debug|Any CPU
		{93FAF5E7-F034-4E51-8E21-6A5EE4C94923}.Debug|Any CPU.Build.0 = Debug|Any CPU
		{93FAF5E7-F034-4E51-8E21-6A5EE4C94923}.Debug|x64.ActiveCfg = Debug|Any CPU
		{93FAF5E7-F034-4E51-8E21-6A5EE4C94923}.Debug|x64.Build.0 = Debug|Any CPU
		{93FAF5E7-F034-4E51-8E21-6A5EE4C94923}.Debug|x86.ActiveCfg = Debug|Any CPU
		{93FAF5E7-F034-4E51-8E21-6A5EE4C94923}.Debug|x86.Build.0 = Debug|Any CPU
		{93FAF5E7-F034-4E51-8E21-6A5EE4C94923}.Release|Any CPU.ActiveCfg = Release|Any CPU
		{93FAF5E7-F034-4E51-8E21-6A5EE4C94923}.Release|Any CPU.Build.0 = Release|Any CPU
		{93FAF5E7-F034-4E51-8E21-6A5EE4C94923}.Release|x64.ActiveCfg = Release|Any CPU
		{93FAF5E7-F034-4E51-8E21-6A5EE4C94923}.Release|x64.Build.0 = Release|Any CPU
		{93FAF5E7-F034-4E51-8E21-6A5EE4C94923}.Release|x86.ActiveCfg = Release|Any CPU
		{93FAF5E7-F034-4E51-8E21-6A5EE4C94923}.Release|x86.Build.0 = Release|Any CPU
		{8CAB2F44-625E-4B9B-9607-34602629887A}.Debug|Any CPU.ActiveCfg = Debug|Any CPU
		{8CAB2F44-625E-4B9B-9607-34602629887A}.Debug|Any CPU.Build.0 = Debug|Any CPU
		{8CAB2F44-625E-4B9B-9607-34602629887A}.Debug|x64.ActiveCfg = Debug|Any CPU
		{8CAB2F44-625E-4B9B-9607-34602629887A}.Debug|x64.Build.0 = Debug|Any CPU
		{8CAB2F44-625E-4B9B-9607-34602629887A}.Debug|x86.ActiveCfg = Debug|Any CPU
		{8CAB2F44-625E-4B9B-9607-34602629887A}.Debug|x86.Build.0 = Debug|Any CPU
		{8CAB2F44-625E-4B9B-9607-34602629887A}.Release|Any CPU.ActiveCfg = Release|Any CPU
		{8CAB2F44-625E-4B9B-9607-34602629887A}.Release|Any CPU.Build.0 = Release|Any CPU
		{8CAB2F44-625E-4B9B-9607-34602629887A}.Release|x64.ActiveCfg = Release|Any CPU
		{8CAB2F44-625E-4B9B-9607-34602629887A}.Release|x64.Build.0 = Release|Any CPU
		{8CAB2F44-625E-4B9B-9607-34602629887A}.Release|x86.ActiveCfg = Release|Any CPU
		{8CAB2F44-625E-4B9B-9607-34602629887A}.Release|x86.Build.0 = Release|Any CPU
	EndGlobalSection
EndGlobal
